
Microsoft Visual Studio Solution File, Format Version 12.00
Project("{FAE04EC0-301F-11D3-BF4B-00C04F79EFBC}") = "IMC.Taxes.Api", "IMC.Taxes.Api\IMC.Taxes.Api.csproj", "{325DABD8-7B56-447C-BABF-9CE662963451}"
EndProject
Project("{FAE04EC0-301F-11D3-BF4B-00C04F79EFBC}") = "IMC.Taxes.Contracts", "IMC.Taxes.Contracts\IMC.Taxes.Contracts.csproj", "{CE35866B-06B5-4F11-B513-B8E028D4C115}"
EndProject
Project("{FAE04EC0-301F-11D3-BF4B-00C04F79EFBC}") = "IMC.Taxes.RefitInterfaces", "IMC.Taxes.RefitInterfaces\IMC.Taxes.RefitInterfaces.csproj", "{522D95A7-1484-4EB9-BBE3-163C3360F2F7}"
EndProject
Global
	GlobalSection(SolutionConfigurationPlatforms) = preSolution
		Debug|Any CPU = Debug|Any CPU
		Release|Any CPU = Release|Any CPU
	EndGlobalSection
	GlobalSection(ProjectConfigurationPlatforms) = postSolution
		{325DABD8-7B56-447C-BABF-9CE662963451}.Debug|Any CPU.ActiveCfg = Debug|Any CPU
		{325DABD8-7B56-447C-BABF-9CE662963451}.Debug|Any CPU.Build.0 = Debug|Any CPU
		{325DABD8-7B56-447C-BABF-9CE662963451}.Release|Any CPU.ActiveCfg = Release|Any CPU
		{325DABD8-7B56-447C-BABF-9CE662963451}.Release|Any CPU.Build.0 = Release|Any CPU
		{CE35866B-06B5-4F11-B513-B8E028D4C115}.Debug|Any CPU.ActiveCfg = Debug|Any CPU
		{CE35866B-06B5-4F11-B513-B8E028D4C115}.Debug|Any CPU.Build.0 = Debug|Any CPU
		{CE35866B-06B5-4F11-B513-B8E028D4C115}.Release|Any CPU.ActiveCfg = Release|Any CPU
		{CE35866B-06B5-4F11-B513-B8E028D4C115}.Release|Any CPU.Build.0 = Release|Any CPU
		{522D95A7-1484-4EB9-BBE3-163C3360F2F7}.Debug|Any CPU.ActiveCfg = Debug|Any CPU
		{522D95A7-1484-4EB9-BBE3-163C3360F2F7}.Debug|Any CPU.Build.0 = Debug|Any CPU
		{522D95A7-1484-4EB9-BBE3-163C3360F2F7}.Release|Any CPU.ActiveCfg = Release|Any CPU
		{522D95A7-1484-4EB9-BBE3-163C3360F2F7}.Release|Any CPU.Build.0 = Release|Any CPU
	EndGlobalSection
EndGlobal
